
Microsoft Visual Studio Solution File, Format Version 12.00
# Visual Studio Version 17
VisualStudioVersion = 17.14.36408.4 d17.14
MinimumVisualStudioVersion = 10.0.40219.1
Project("{FAE04EC0-301F-11D3-BF4B-00C04F79EFBC}") = "Quizgame_MasonSeale", "Quizgame_MasonSeale\Quizgame_MasonSeale.csproj", "{2F53F338-AB6D-4FD8-98EB-F85B0A31CD02}"
EndProject
Global
	GlobalSection(SolutionConfigurationPlatforms) = preSolution
		Debug|Any CPU = Debug|Any CPU
		Release|Any CPU = Release|Any CPU
	EndGlobalSection
	GlobalSection(ProjectConfigurationPlatforms) = postSolution
		{2F53F338-AB6D-4FD8-98EB-F85B0A31CD02}.Debug|Any CPU.ActiveCfg = Debug|Any CPU
		{2F53F338-AB6D-4FD8-98EB-F85B0A31CD02}.Debug|Any CPU.Build.0 = Debug|Any CPU
		{2F53F338-AB6D-4FD8-98EB-F85B0A31CD02}.Release|Any CPU.ActiveCfg = Release|Any CPU
		{2F53F338-AB6D-4FD8-98EB-F85B0A31CD02}.Release|Any CPU.Build.0 = Release|Any CPU
	EndGlobalSection
	GlobalSection(SolutionProperties) = preSolution
		HideSolutionNode = FALSE
	EndGlobalSection
	GlobalSection(ExtensibilityGlobals) = postSolution
		SolutionGuid = {011D6784-39B9-4053-9FE2-5BEB7D693C43}
	EndGlobalSection
EndGlobal
